
Microsoft Visual Studio Solution File, Format Version 12.00
# Visual Studio Version 17
VisualStudioVersion = 17.12.35323.107
MinimumVisualStudioVersion = 10.0.40219.1
Project("{FAE04EC0-301F-11D3-BF4B-00C04F79EFBC}") = "SFML.HTML.TestApp", "SFML.HTML.TestApp\SFML.HTML.TestApp.csproj", "{E5724BAB-E0C3-4F86-9B97-BFCDAF822FF5}"
EndProject
Project("{FAE04EC0-301F-11D3-BF4B-00C04F79EFBC}") = "SFML.HTML.Core", "SFML.HTML.Core\SFML.HTML.Core.csproj", "{C4695246-0995-4867-885F-12F36353AAE1}"
EndProject
Global
	GlobalSection(SolutionConfigurationPlatforms) = preSolution
		Debug|Any CPU = Debug|Any CPU
		Release|Any CPU = Release|Any CPU
	EndGlobalSection
	GlobalSection(ProjectConfigurationPlatforms) = postSolution
		{E5724BAB-E0C3-4F86-9B97-BFCDAF822FF5}.Debug|Any CPU.ActiveCfg = Debug|Any CPU
		{E5724BAB-E0C3-4F86-9B97-BFCDAF822FF5}.Debug|Any CPU.Build.0 = Debug|Any CPU
		{E5724BAB-E0C3-4F86-9B97-BFCDAF822FF5}.Release|Any CPU.ActiveCfg = Release|Any CPU
		{E5724BAB-E0C3-4F86-9B97-BFCDAF822FF5}.Release|Any CPU.Build.0 = Release|Any CPU
		{C4695246-0995-4867-885F-12F36353AAE1}.Debug|Any CPU.ActiveCfg = Debug|Any CPU
		{C4695246-0995-4867-885F-12F36353AAE1}.Debug|Any CPU.Build.0 = Debug|Any CPU
		{C4695246-0995-4867-885F-12F36353AAE1}.Release|Any CPU.ActiveCfg = Release|Any CPU
		{C4695246-0995-4867-885F-12F36353AAE1}.Release|Any CPU.Build.0 = Release|Any CPU
	EndGlobalSection
	GlobalSection(SolutionProperties) = preSolution
		HideSolutionNode = FALSE
	EndGlobalSection
	GlobalSection(ExtensibilityGlobals) = postSolution
		SolutionGuid = {289AEDE4-AF3A-46E2-9F56-5C774199ADC5}
	EndGlobalSection
EndGlobal
